{
  "name": "volfied-clone",
  "version": "1.0.0",
  "lockfileVersion": 3,
  "requires": true,
  "packages": {
    "": {
      "name": "volfied-clone",
      "version": "1.0.0",
      "devDependencies": {
        "@rsbuild/core": "^1.0.1",
        "typescript": "^5.5.2"
      }
    },
    "node_modules/@module-federation/runtime": {
      "version": "0.5.1",
      "resolved": "https://registry.npmjs.org/@module-federation/runtime/-/runtime-0.5.1.tgz",
      "integrity": "sha512-xgiMUWwGLWDrvZc9JibuEbXIbhXg6z2oUkemogSvQ4LKvrl/n0kbqP1Blk669mXzyWbqtSp6PpvNdwaE1aN5xQ==",
      "dev": true,
      "dependencies": {
        "@module-federation/sdk": "0.5.1"
      }
    },
    "node_modules/@module-federation/runtime-tools": {
      "version": "0.5.1",
      "resolved": "https://registry.npmjs.org/@module-federation/runtime-tools/-/runtime-tools-0.5.1.tgz",
      "integrity": "sha512-nfBedkoZ3/SWyO0hnmaxuz0R0iGPSikHZOAZ0N/dVSQaIzlffUo35B5nlC2wgWIc0JdMZfkwkjZRrnuuDIJbzg==",
      "dev": true,
      "dependencies": {
        "@module-federation/runtime": "0.5.1",
        "@module-federation/webpack-bundler-runtime": "0.5.1"
      }
    },
    "node_modules/@module-federation/sdk": {
      "version": "0.5.1",
      "resolved": "https://registry.npmjs.org/@module-federation/sdk/-/sdk-0.5.1.tgz",
      "integrity": "sha512-exvchtjNURJJkpqjQ3/opdbfeT2wPKvrbnGnyRkrwW5o3FH1LaST1tkiNviT6OXTexGaVc2DahbdniQHVtQ7pA==",
      "dev": true
    },
    "node_modules/@module-federation/webpack-bundler-runtime": {
      "version": "0.5.1",
      "resolved": "https://registry.npmjs.org/@module-federation/webpack-bundler-runtime/-/webpack-bundler-runtime-0.5.1.tgz",
      "integrity": "sha512-mMhRFH0k2VjwHt3Jol9JkUsmI/4XlrAoBG3E0o7HoyoPYv1UFOWyqAflfANcUPgbYpvqmyLzDcO+3IT36LXnrA==",
      "dev": true,
      "dependencies": {
        "@module-federation/runtime": "0.5.1",
        "@module-federation/sdk": "0.5.1"
      }
    },
    "node_modules/@rsbuild/core": {
      "version": "1.0.5",
      "resolved": "https://registry.npmjs.org/@rsbuild/core/-/core-1.0.5.tgz",
      "integrity": "sha512-yUWs4k9X9C661P0kwe3Om1GMJKAxliXDMnBV5hHoaEuAovdp/pOG3pk2fVsRrxcwMn3i6FyMGSVB7g0WmQpeHA==",
      "dev": true,
      "dependencies": {
        "@rspack/core": "~1.0.5",
        "@rspack/lite-tapable": "~1.0.0",
        "@swc/helpers": "^0.5.13",
        "caniuse-lite": "^1.0.30001660",
        "core-js": "~3.38.1"
      },
      "bin": {
        "rsbuild": "bin/rsbuild.js"
      },
      "engines": {
        "node": ">=16.7.0"
      },
      "optionalDependencies": {
        "fsevents": "~2.3.3"
      }
    },
    "node_modules/@rspack/binding": {
      "version": "1.0.5",
      "resolved": "https://registry.npmjs.org/@rspack/binding/-/binding-1.0.5.tgz",
      "integrity": "sha512-SnVrzRWeKSosJ0/1e5taAeqJ1ISst6NAE1N8YK4ZdUEVWmE26tC2V/yTvZHSsqatc/0Cf+A18IZJx0q6H/DlRw==",
      "dev": true,
      "optionalDependencies": {
        "@rspack/binding-darwin-arm64": "1.0.5",
        "@rspack/binding-darwin-x64": "1.0.5",
        "@rspack/binding-linux-arm64-gnu": "1.0.5",
        "@rspack/binding-linux-arm64-musl": "1.0.5",
        "@rspack/binding-linux-x64-gnu": "1.0.5",
        "@rspack/binding-linux-x64-musl": "1.0.5",
        "@rspack/binding-win32-arm64-msvc": "1.0.5",
        "@rspack/binding-win32-ia32-msvc": "1.0.5",
        "@rspack/binding-win32-x64-msvc": "1.0.5"
      }
    },
    "node_modules/@rspack/binding-darwin-arm64": {
      "version": "1.0.5",
      "resolved": "https://registry.npmjs.org/@rspack/binding-darwin-arm64/-/binding-darwin-arm64-1.0.5.tgz",
      "integrity": "sha512-pEHj4AOluOa7FaR1DMACPUUZKO3qZI4/66xaTqk0BbclvMT7eheQAWtkmjdE9WJgeZ389TrwZeaMzzPdHhK/6Q==",
      "cpu": [
        "arm64"
      ],
      "dev": true,
      "optional": true,
      "os": [
        "darwin"
      ]
    },
    "node_modules/@rspack/binding-darwin-x64": {
      "version": "1.0.5",
      "resolved": "https://registry.npmjs.org/@rspack/binding-darwin-x64/-/binding-darwin-x64-1.0.5.tgz",
      "integrity": "sha512-xS5EDD9l3MHL54bnmxsndm61P9l3l7ZNuLSuPl2MbYJzDqPdnXhTdkIjdcDOLH2daFm8gfB634wa5knZhPGLOw==",
      "cpu": [
        "x64"
      ],
      "dev": true,
      "optional": true,
      "os": [
        "darwin"
      ]
    },
    "node_modules/@rspack/binding-linux-arm64-gnu": {
      "version": "1.0.5",
      "resolved": "https://registry.npmjs.org/@rspack/binding-linux-arm64-gnu/-/binding-linux-arm64-gnu-1.0.5.tgz",
      "integrity": "sha512-svPOFlem7s6T33tX8a28uD5Ngc7bdML96ioiH7Fhi0J/at+WAthor4GeUNwkwuzBQI/Nc9XCgiYPcE0pzP7c6w==",
      "cpu": [
        "arm64"
      ],
      "dev": true,
      "optional": true,
      "os": [
        "linux"
      ]
    },
    "node_modules/@rspack/binding-linux-arm64-musl": {
      "version": "1.0.5",
      "resolved": "https://registry.npmjs.org/@rspack/binding-linux-arm64-musl/-/binding-linux-arm64-musl-1.0.5.tgz",
      "integrity": "sha512-cysqogEUNc0TgzzXcK9bkv12eoCjqhLzOvGXQU1zSEU9Hov7tuzMDl3Z6R3A7NgOCmWu84/wOnTrkSOI28caew==",
      "cpu": [
        "arm64"
      ],
      "dev": true,
      "optional": true,
      "os": [
        "linux"
      ]
    },
    "node_modules/@rspack/binding-linux-x64-gnu": {
      "version": "1.0.5",
      "resolved": "https://registry.npmjs.org/@rspack/binding-linux-x64-gnu/-/binding-linux-x64-gnu-1.0.5.tgz",
      "integrity": "sha512-qIEMsWOzTKpVm0Sg553gKkua49Kd/sElLD1rZcXjjxjAsD97uq8AiNncArMfYdDKgkKbtwtW/Fb3uVuafTLnZg==",
      "cpu": [
        "x64"
      ],
      "dev": true,
      "optional": true,
      "os": [
        "linux"
      ]
    },
    "node_modules/@rspack/binding-linux-x64-musl": {
      "version": "1.0.5",
      "resolved": "https://registry.npmjs.org/@rspack/binding-linux-x64-musl/-/binding-linux-x64-musl-1.0.5.tgz",
      "integrity": "sha512-yulltMSQN3aBt3NMURYTmJcpAJBi4eEJ4i9qF0INE8f0885sJpI0j35/31POkCghG1ZOSZkYALFrheKKP9e8pg==",
      "cpu": [
        "x64"
      ],
      "dev": true,
      "optional": true,
      "os": [
        "linux"
      ]
    },
    "node_modules/@rspack/binding-win32-arm64-msvc": {
      "version": "1.0.5",
      "resolved": "https://registry.npmjs.org/@rspack/binding-win32-arm64-msvc/-/binding-win32-arm64-msvc-1.0.5.tgz",
      "integrity": "sha512-5oF/qN6TnUj28UAdaOgSIWKq7HG5QgI4p37zvQBBTXZHhrwN2kE6H+TaofWnSqWJynwmGIxJIx8bGo3lDfFbfA==",
      "cpu": [
        "arm64"
      ],
      "dev": true,
      "optional": true,
      "os": [
        "win32"
      ]
    },
    "node_modules/@rspack/binding-win32-ia32-msvc": {
      "version": "1.0.5",
      "resolved": "https://registry.npmjs.org/@rspack/binding-win32-ia32-msvc/-/binding-win32-ia32-msvc-1.0.5.tgz",
      "integrity": "sha512-y16IPjd/z6L7+r6RXLu7J/jlZDUenSnJDqo10HnnxtLjOJ+vna+pljI8sHcwu1ao0c3J3uMvbkF34dTiev7Opg==",
      "cpu": [
        "ia32"
      ],
      "dev": true,
      "optional": true,
      "os": [
        "win32"
      ]
    },
    "node_modules/@rspack/binding-win32-x64-msvc": {
      "version": "1.0.5",
      "resolved": "https://registry.npmjs.org/@rspack/binding-win32-x64-msvc/-/binding-win32-x64-msvc-1.0.5.tgz",
      "integrity": "sha512-PSBTbDSgT+ClYvyQTDtWBi/bxXW/xJmVjg9NOWe8KAEl5WNU+pToiCBLLPCGDSa+K7/zr2TDb6QakG/qYItPZw==",
      "cpu": [
        "x64"
      ],
      "dev": true,
      "optional": true,
      "os": [
        "win32"
      ]
    },
    "node_modules/@rspack/core": {
      "version": "1.0.5",
      "resolved": "https://registry.npmjs.org/@rspack/core/-/core-1.0.5.tgz",
      "integrity": "sha512-UlydS2VupZ6yBx3jCqCHpeEUQNWCrBkTQhPIezK0eCAk13i745byjqXX4tcfN6jR5Kjh/1CIb8r07k9DgGON1w==",
      "dev": true,
      "dependencies": {
        "@module-federation/runtime-tools": "0.5.1",
        "@rspack/binding": "1.0.5",
        "@rspack/lite-tapable": "1.0.0",
        "caniuse-lite": "^1.0.30001616"
      },
      "engines": {
        "node": ">=16.0.0"
      },
      "peerDependencies": {
        "@swc/helpers": ">=0.5.1"
      },
      "peerDependenciesMeta": {
        "@swc/helpers": {
          "optional": true
        }
      }
    },
    "node_modules/@rspack/lite-tapable": {
      "version": "1.0.0",
      "resolved": "https://registry.npmjs.org/@rspack/lite-tapable/-/lite-tapable-1.0.0.tgz",
      "integrity": "sha512-7MZf4lburSUZoEenwazwUDKHhqyfnLCGnQ/tKcUtztfmVzfjZfRn/EaiT0AKkYGnL2U8AGsw89oUeVyvaOLVCw==",
      "dev": true,
      "engines": {
        "node": ">=16.0.0"
      }
    },
    "node_modules/@swc/helpers": {
      "version": "0.5.13",
      "resolved": "https://registry.npmjs.org/@swc/helpers/-/helpers-0.5.13.tgz",
      "integrity": "sha512-UoKGxQ3r5kYI9dALKJapMmuK+1zWM/H17Z1+iwnNmzcJRnfFuevZs375TA5rW31pu4BS4NoSy1fRsexDXfWn5w==",
      "dev": true,
      "dependencies": {
        "tslib": "^2.4.0"
      }
    },
    "node_modules/caniuse-lite": {
      "version": "1.0.30001663",
      "resolved": "https://registry.npmjs.org/caniuse-lite/-/caniuse-lite-1.0.30001663.tgz",
      "integrity": "sha512-o9C3X27GLKbLeTYZ6HBOLU1tsAcBZsLis28wrVzddShCS16RujjHp9GDHKZqrB3meE0YjhawvMFsGb/igqiPzA==",
      "dev": true,
      "funding": [
        {
          "type": "opencollective",
          "url": "https://opencollective.com/browserslist"
        },
        {
          "type": "tidelift",
          "url": "https://tidelift.com/funding/github/npm/caniuse-lite"
        },
        {
          "type": "github",
          "url": "https://github.com/sponsors/ai"
        }
      ]
    },
    "node_modules/core-js": {
      "version": "3.38.1",
      "resolved": "https://registry.npmjs.org/core-js/-/core-js-3.38.1.tgz",
      "integrity": "sha512-OP35aUorbU3Zvlx7pjsFdu1rGNnD4pgw/CWoYzRY3t2EzoVT7shKHY1dlAy3f41cGIO7ZDPQimhGFTlEYkG/Hw==",
      "dev": true,
      "hasInstallScript": true,
      "funding": {
        "type": "opencollective",
        "url": "https://opencollective.com/core-js"
      }
    },
    "node_modules/fsevents": {
      "version": "2.3.3",
      "resolved": "https://registry.npmjs.org/fsevents/-/fsevents-2.3.3.tgz",
      "integrity": "sha512-5xoDfX+fL7faATnagmWPpbFtwh/R77WmMMqqHGS65C3vvB0YHrgF+B1YmZ3441tMj5n63k0212XNoJwzlhffQw==",
      "dev": true,
      "hasInstallScript": true,
      "optional": true,
      "os": [
        "darwin"
      ],
      "engines": {
        "node": "^8.16.0 || ^10.6.0 || >=11.0.0"
      }
    },
    "node_modules/tslib": {
      "version": "2.7.0",
      "resolved": "https://registry.npmjs.org/tslib/-/tslib-2.7.0.tgz",
      "integrity": "sha512-gLXCKdN1/j47AiHiOkJN69hJmcbGTHI0ImLmbYLHykhgeN0jVGola9yVjFgzCUklsZQMW55o+dW7IXv3RCXDzA==",
      "dev": true
    },
    "node_modules/typescript": {
      "version": "5.6.2",
      "resolved": "https://registry.npmjs.org/typescript/-/typescript-5.6.2.tgz",
      "integrity": "sha512-NW8ByodCSNCwZeghjN3o+JX5OFH0Ojg6sadjEKY4huZ52TqbJTJnDo5+Tw98lSy63NZvi4n+ez5m2u5d4PkZyw==",
      "dev": true,
      "bin": {
        "tsc": "bin/tsc",
        "tsserver": "bin/tsserver"
      },
      "engines": {
        "node": ">=14.17"
      }
    }
  }
}
